
Microsoft Visual Studio Solution File, Format Version 12.00
# Visual Studio Version 17
VisualStudioVersion = 17.8.34309.116
MinimumVisualStudioVersion = 10.0.40219.1
Project("{FAE04EC0-301F-11D3-BF4B-00C04F79EFBC}") = "PersonalSite", "PersonalSite\PersonalSite.csproj", "{99E4581E-7A30-4CEE-AD3C-75C08B6D8316}"
EndProject
Global
	GlobalSection(SolutionConfigurationPlatforms) = preSolution
		Debug|Any CPU = Debug|Any CPU
		Release|Any CPU = Release|Any CPU
	EndGlobalSection
	GlobalSection(ProjectConfigurationPlatforms) = postSolution
		{99E4581E-7A30-4CEE-AD3C-75C08B6D8316}.Debug|Any CPU.ActiveCfg = Debug|Any CPU
		{99E4581E-7A30-4CEE-AD3C-75C08B6D8316}.Debug|Any CPU.Build.0 = Debug|Any CPU
		{99E4581E-7A30-4CEE-AD3C-75C08B6D8316}.Release|Any CPU.ActiveCfg = Release|Any CPU
		{99E4581E-7A30-4CEE-AD3C-75C08B6D8316}.Release|Any CPU.Build.0 = Release|Any CPU
	EndGlobalSection
	GlobalSection(SolutionProperties) = preSolution
		HideSolutionNode = FALSE
	EndGlobalSection
	GlobalSection(ExtensibilityGlobals) = postSolution
		SolutionGuid = {188DAB8A-3B26-49C8-AFFF-54D6AAC96F3A}
	EndGlobalSection
EndGlobal
